// !$*UTF8*$!
{
	archiveVersion = 1;
	classes = {
	};
	objectVersion = 56;
	objects = {

/* Begin PBXBuildFile section */
		2609F25F29FCE34400318026 /* Resource in Resources */ = {isa = PBXBuildFile; fileRef = 2609F25E29FCE34400318026 /* Resource */; };
		2609F26229FCE36300318026 /* SwiftVCR in Frameworks */ = {isa = PBXBuildFile; productRef = 2609F26129FCE36300318026 /* SwiftVCR */; };
		260AFCDF29F8952600230193 /* AppConstants.swift in Sources */ = {isa = PBXBuildFile; fileRef = 260AFCDE29F8952600230193 /* AppConstants.swift */; };
		260AFCE229F897BF00230193 /* PromiseKit in Frameworks */ = {isa = PBXBuildFile; productRef = 260AFCE129F897BF00230193 /* PromiseKit */; };
		260AFCE429F8D16800230193 /* Error+Helper.swift in Sources */ = {isa = PBXBuildFile; fileRef = 260AFCE329F8D16800230193 /* Error+Helper.swift */; };
		2694299129EFBE8A00A4E647 /* Rest_ServiceApp.swift in Sources */ = {isa = PBXBuildFile; fileRef = 2694299029EFBE8A00A4E647 /* Rest_ServiceApp.swift */; };
		2694299329EFBE8A00A4E647 /* ContentView.swift in Sources */ = {isa = PBXBuildFile; fileRef = 2694299229EFBE8A00A4E647 /* ContentView.swift */; };
		2694299529EFBE8B00A4E647 /* Assets.xcassets in Resources */ = {isa = PBXBuildFile; fileRef = 2694299429EFBE8B00A4E647 /* Assets.xcassets */; };
		2694299829EFBE8B00A4E647 /* Preview Assets.xcassets in Resources */ = {isa = PBXBuildFile; fileRef = 2694299729EFBE8B00A4E647 /* Preview Assets.xcassets */; };
		2694299F29EFBEF400A4E647 /* NetworkManager.swift in Sources */ = {isa = PBXBuildFile; fileRef = 2694299E29EFBEF400A4E647 /* NetworkManager.swift */; };
		269429A129EFC03100A4E647 /* Post.swift in Sources */ = {isa = PBXBuildFile; fileRef = 269429A029EFC03000A4E647 /* Post.swift */; };
		269429A329EFC50D00A4E647 /* ViewModel.swift in Sources */ = {isa = PBXBuildFile; fileRef = 269429A229EFC50D00A4E647 /* ViewModel.swift */; };
/* End PBXBuildFile section */

/* Begin PBXFileReference section */
		2609F25E29FCE34400318026 /* Resource */ = {isa = PBXFileReference; lastKnownFileType = folder; name = Resource; sourceTree = "<group>"; };
		260AFCDE29F8952600230193 /* AppConstants.swift */ = {isa = PBXFileReference; lastKnownFileType = sourcecode.swift; path = AppConstants.swift; sourceTree = "<group>"; };
		260AFCE329F8D16800230193 /* Error+Helper.swift */ = {isa = PBXFileReference; lastKnownFileType = sourcecode.swift; path = "Error+Helper.swift"; sourceTree = "<group>"; };
		2694298D29EFBE8A00A4E647 /* Rest-Service.app */ = {isa = PBXFileReference; explicitFileType = wrapper.application; includeInIndex = 0; path = "Rest-Service.app"; sourceTree = BUILT_PRODUCTS_DIR; };
		2694299029EFBE8A00A4E647 /* Rest_ServiceApp.swift */ = {isa = PBXFileReference; lastKnownFileType = sourcecode.swift; path = Rest_ServiceApp.swift; sourceTree = "<group>"; };
		2694299229EFBE8A00A4E647 /* ContentView.swift */ = {isa = PBXFileReference; lastKnownFileType = sourcecode.swift; path = ContentView.swift; sourceTree = "<group>"; };
		2694299429EFBE8B00A4E647 /* Assets.xcassets */ = {isa = PBXFileReference; lastKnownFileType = folder.assetcatalog; path = Assets.xcassets; sourceTree = "<group>"; };
		2694299729EFBE8B00A4E647 /* Preview Assets.xcassets */ = {isa = PBXFileReference; lastKnownFileType = folder.assetcatalog; path = "Preview Assets.xcassets"; sourceTree = "<group>"; };
		2694299E29EFBEF400A4E647 /* NetworkManager.swift */ = {isa = PBXFileReference; lastKnownFileType = sourcecode.swift; path = NetworkManager.swift; sourceTree = "<group>"; };
		269429A029EFC03000A4E647 /* Post.swift */ = {isa = PBXFileReference; lastKnownFileType = sourcecode.swift; path = Post.swift; sourceTree = "<group>"; };
		269429A229EFC50D00A4E647 /* ViewModel.swift */ = {isa = PBXFileReference; lastKnownFileType = sourcecode.swift; path = ViewModel.swift; sourceTree = "<group>"; };
/* End PBXFileReference section */

/* Begin PBXFrameworksBuildPhase section */
		2694298A29EFBE8A00A4E647 /* Frameworks */ = {
			isa = PBXFrameworksBuildPhase;
			buildActionMask = 2147483647;
			files = (
				2609F26229FCE36300318026 /* SwiftVCR in Frameworks */,
				260AFCE229F897BF00230193 /* PromiseKit in Frameworks */,
			);
			runOnlyForDeploymentPostprocessing = 0;
		};
/* End PBXFrameworksBuildPhase section */

/* Begin PBXGroup section */
		2609F25529FCE25700318026 /* Post */ = {
			isa = PBXGroup;
			children = (
				2609F25629FCE25E00318026 /* Model */,
				2609F25829FCE27400318026 /* View */,
				2609F25929FCE27E00318026 /* ViewModel */,
			);
			path = Post;
			sourceTree = "<group>";
		};
		2609F25629FCE25E00318026 /* Model */ = {
			isa = PBXGroup;
			children = (
				269429A029EFC03000A4E647 /* Post.swift */,
			);
			path = Model;
			sourceTree = "<group>";
		};
		2609F25829FCE27400318026 /* View */ = {
			isa = PBXGroup;
			children = (
				2694299229EFBE8A00A4E647 /* ContentView.swift */,
			);
			path = View;
			sourceTree = "<group>";
		};
		2609F25929FCE27E00318026 /* ViewModel */ = {
			isa = PBXGroup;
			children = (
				269429A229EFC50D00A4E647 /* ViewModel.swift */,
			);
			path = ViewModel;
			sourceTree = "<group>";
		};
		2609F25A29FCE2C200318026 /* Networking */ = {
			isa = PBXGroup;
			children = (
				2694299E29EFBEF400A4E647 /* NetworkManager.swift */,
			);
			path = Networking;
			sourceTree = "<group>";
		};
		2609F25B29FCE2CA00318026 /* Helpers */ = {
			isa = PBXGroup;
			children = (
				260AFCE329F8D16800230193 /* Error+Helper.swift */,
				2609F25C29FCE2D400318026 /* Utilities */,
			);
			path = Helpers;
			sourceTree = "<group>";
		};
		2609F25C29FCE2D400318026 /* Utilities */ = {
			isa = PBXGroup;
			children = (
				260AFCDE29F8952600230193 /* AppConstants.swift */,
			);
			path = Utilities;
			sourceTree = "<group>";
		};
		2609F25D29FCE32B00318026 /* Resource */ = {
			isa = PBXGroup;
			children = (
				2609F25E29FCE34400318026 /* Resource */,
			);
			path = Resource;
			sourceTree = "<group>";
		};
		2694298429EFBE8A00A4E647 = {
			isa = PBXGroup;
			children = (
				2694298F29EFBE8A00A4E647 /* Rest-Service */,
				2694298E29EFBE8A00A4E647 /* Products */,
			);
			sourceTree = "<group>";
		};
		2694298E29EFBE8A00A4E647 /* Products */ = {
			isa = PBXGroup;
			children = (
				2694298D29EFBE8A00A4E647 /* Rest-Service.app */,
			);
			name = Products;
			sourceTree = "<group>";
		};
		2694298F29EFBE8A00A4E647 /* Rest-Service */ = {
			isa = PBXGroup;
			children = (
				2609F25D29FCE32B00318026 /* Resource */,
				2609F25B29FCE2CA00318026 /* Helpers */,
				2609F25A29FCE2C200318026 /* Networking */,
				2609F25529FCE25700318026 /* Post */,
				2694299029EFBE8A00A4E647 /* Rest_ServiceApp.swift */,
				2694299429EFBE8B00A4E647 /* Assets.xcassets */,
				2694299629EFBE8B00A4E647 /* Preview Content */,
			);
			path = "Rest-Service";
			sourceTree = "<group>";
		};
		2694299629EFBE8B00A4E647 /* Preview Content */ = {
			isa = PBXGroup;
			children = (
				2694299729EFBE8B00A4E647 /* Preview Assets.xcassets */,
			);
			path = "Preview Content";
			sourceTree = "<group>";
		};
/* End PBXGroup section */

/* Begin PBXNativeTarget section */
		2694298C29EFBE8A00A4E647 /* Rest-Service */ = {
			isa = PBXNativeTarget;
			buildConfigurationList = 2694299B29EFBE8C00A4E647 /* Build configuration list for PBXNativeTarget "Rest-Service" */;
			buildPhases = (
				2694298929EFBE8A00A4E647 /* Sources */,
				2694298A29EFBE8A00A4E647 /* Frameworks */,
				2694298B29EFBE8A00A4E647 /* Resources */,
			);
			buildRules = (
			);
			dependencies = (
			);
			name = "Rest-Service";
			packageProductDependencies = (
				260AFCE129F897BF00230193 /* PromiseKit */,
				2609F26129FCE36300318026 /* SwiftVCR */,
			);
			productName = "Rest-Service";
			productReference = 2694298D29EFBE8A00A4E647 /* Rest-Service.app */;
			productType = "com.apple.product-type.application";
		};
/* End PBXNativeTarget section */

/* Begin PBXProject section */
		2694298529EFBE8A00A4E647 /* Project object */ = {
			isa = PBXProject;
			attributes = {
				BuildIndependentTargetsInParallel = 1;
				LastSwiftUpdateCheck = 1420;
				LastUpgradeCheck = 1420;
				TargetAttributes = {
					2694298C29EFBE8A00A4E647 = {
						CreatedOnToolsVersion = 14.2;
					};
				};
			};
			buildConfigurationList = 2694298829EFBE8A00A4E647 /* Build configuration list for PBXProject "Rest-Service" */;
			compatibilityVersion = "Xcode 14.0";
			developmentRegion = en;
			hasScannedForEncodings = 0;
			knownRegions = (
				en,
				Base,
			);
			mainGroup = 2694298429EFBE8A00A4E647;
			packageReferences = (
				260AFCE029F897BF00230193 /* XCRemoteSwiftPackageReference "PromiseKit" */,
				2609F26029FCE36300318026 /* XCRemoteSwiftPackageReference "SwiftVCR" */,
			);
			productRefGroup = 2694298E29EFBE8A00A4E647 /* Products */;
			projectDirPath = "";
			projectRoot = "";
			targets = (
				2694298C29EFBE8A00A4E647 /* Rest-Service */,
			);
		};
/* End PBXProject section */

/* Begin PBXResourcesBuildPhase section */
		2694298B29EFBE8A00A4E647 /* Resources */ = {
			isa = PBXResourcesBuildPhase;
			buildActionMask = 2147483647;
			files = (
				2609F25F29FCE34400318026 /* Resource in Resources */,
				2694299829EFBE8B00A4E647 /* Preview Assets.xcassets in Resources */,
				2694299529EFBE8B00A4E647 /* Assets.xcassets in Resources */,
			);
			runOnlyForDeploymentPostprocessing = 0;
		};
/* End PBXResourcesBuildPhase section */

/* Begin PBXSourcesBuildPhase section */
		2694298929EFBE8A00A4E647 /* Sources */ = {
			isa = PBXSourcesBuildPhase;
			buildActionMask = 2147483647;
			files = (
				269429A329EFC50D00A4E647 /* ViewModel.swift in Sources */,
				260AFCDF29F8952600230193 /* AppConstants.swift in Sources */,
				2694299F29EFBEF400A4E647 /* NetworkManager.swift in Sources */,
				260AFCE429F8D16800230193 /* Error+Helper.swift in Sources */,
				2694299329EFBE8A00A4E647 /* ContentView.swift in Sources */,
				2694299129EFBE8A00A4E647 /* Rest_ServiceApp.swift in Sources */,
				269429A129EFC03100A4E647 /* Post.swift in Sources */,
			);
			runOnlyForDeploymentPostprocessing = 0;
		};
/* End PBXSourcesBuildPhase section */

/* Begin XCBuildConfiguration section */
		2694299929EFBE8B00A4E647 /* Debug */ = {
			isa = XCBuildConfiguration;
			buildSettings = {
				ALWAYS_SEARCH_USER_PATHS = NO;
				CLANG_ANALYZER_NONNULL = YES;
				CLANG_ANALYZER_NUMBER_OBJECT_CONVERSION = YES_AGGRESSIVE;
				CLANG_CXX_LANGUAGE_STANDARD = "gnu++20";
				CLANG_ENABLE_MODULES = YES;
				CLANG_ENABLE_OBJC_ARC = YES;
				CLANG_ENABLE_OBJC_WEAK = YES;
				CLANG_WARN_BLOCK_CAPTURE_AUTORELEASING = YES;
				CLANG_WARN_BOOL_CONVERSION = YES;
				CLANG_WARN_COMMA = YES;
				CLANG_WARN_CONSTANT_CONVERSION = YES;
				CLANG_WARN_DEPRECATED_OBJC_IMPLEMENTATIONS = YES;
				CLANG_WARN_DIRECT_OBJC_ISA_USAGE = YES_ERROR;
				CLANG_WARN_DOCUMENTATION_COMMENTS = YES;
				CLANG_WARN_EMPTY_BODY = YES;
				CLANG_WARN_ENUM_CONVERSION = YES;
				CLANG_WARN_INFINITE_RECURSION = YES;
				CLANG_WARN_INT_CONVERSION = YES;
				CLANG_WARN_NON_LITERAL_NULL_CONVERSION = YES;
				CLANG_WARN_OBJC_IMPLICIT_RETAIN_SELF = YES;
				CLANG_WARN_OBJC_LITERAL_CONVERSION = YES;
				CLANG_WARN_OBJC_ROOT_CLASS = YES_ERROR;
				CLANG_WARN_QUOTED_INCLUDE_IN_FRAMEWORK_HEADER = YES;
				CLANG_WARN_RANGE_LOOP_ANALYSIS = YES;
				CLANG_WARN_STRICT_PROTOTYPES = YES;
				CLANG_WARN_SUSPICIOUS_MOVE = YES;
				CLANG_WARN_UNGUARDED_AVAILABILITY = YES_AGGRESSIVE;
				CLANG_WARN_UNREACHABLE_CODE = YES;
				CLANG_WARN__DUPLICATE_METHOD_MATCH = YES;
				COPY_PHASE_STRIP = NO;
				DEBUG_INFORMATION_FORMAT = dwarf;
				ENABLE_STRICT_OBJC_MSGSEND = YES;
				ENABLE_TESTABILITY = YES;
				GCC_C_LANGUAGE_STANDARD = gnu11;
				GCC_DYNAMIC_NO_PIC = NO;
				GCC_NO_COMMON_BLOCKS = YES;
				GCC_OPTIMIZATION_LEVEL = 0;
				GCC_PREPROCESSOR_DEFINITIONS = (
					"DEBUG=1",
					"$(inherited)",
				);
				GCC_WARN_64_TO_32_BIT_CONVERSION = YES;
				GCC_WARN_ABOUT_RETURN_TYPE = YES_ERROR;
				GCC_WARN_UNDECLARED_SELECTOR = YES;
				GCC_WARN_UNINITIALIZED_AUTOS = YES_AGGRESSIVE;
				GCC_WARN_UNUSED_FUNCTION = YES;
				GCC_WARN_UNUSED_VARIABLE = YES;
				IPHONEOS_DEPLOYMENT_TARGET = 16.2;
				MTL_ENABLE_DEBUG_INFO = INCLUDE_SOURCE;
				MTL_FAST_MATH = YES;
				ONLY_ACTIVE_ARCH = YES;
				SDKROOT = iphoneos;
				SWIFT_ACTIVE_COMPILATION_CONDITIONS = DEBUG;
				SWIFT_OPTIMIZATION_LEVEL = "-Onone";
			};
			name = Debug;
		};
		2694299A29EFBE8B00A4E647 /* Release */ = {
			isa = XCBuildConfiguration;
			buildSettings = {
				ALWAYS_SEARCH_USER_PATHS = NO;
				CLANG_ANALYZER_NONNULL = YES;
				CLANG_ANALYZER_NUMBER_OBJECT_CONVERSION = YES_AGGRESSIVE;
				CLANG_CXX_LANGUAGE_STANDARD = "gnu++20";
				CLANG_ENABLE_MODULES = YES;
				CLANG_ENABLE_OBJC_ARC = YES;
				CLANG_ENABLE_OBJC_WEAK = YES;
				CLANG_WARN_BLOCK_CAPTURE_AUTORELEASING = YES;
				CLANG_WARN_BOOL_CONVERSION = YES;
				CLANG_WARN_COMMA = YES;
				CLANG_WARN_CONSTANT_CONVERSION = YES;
				CLANG_WARN_DEPRECATED_OBJC_IMPLEMENTATIONS = YES;
				CLANG_WARN_DIRECT_OBJC_ISA_USAGE = YES_ERROR;
				CLANG_WARN_DOCUMENTATION_COMMENTS = YES;
				CLANG_WARN_EMPTY_BODY = YES;
				CLANG_WARN_ENUM_CONVERSION = YES;
				CLANG_WARN_INFINITE_RECURSION = YES;
				CLANG_WARN_INT_CONVERSION = YES;
				CLANG_WARN_NON_LITERAL_NULL_CONVERSION = YES;
				CLANG_WARN_OBJC_IMPLICIT_RETAIN_SELF = YES;
				CLANG_WARN_OBJC_LITERAL_CONVERSION = YES;
				CLANG_WARN_OBJC_ROOT_CLASS = YES_ERROR;
				CLANG_WARN_QUOTED_INCLUDE_IN_FRAMEWORK_HEADER = YES;
				CLANG_WARN_RANGE_LOOP_ANALYSIS = YES;
				CLANG_WARN_STRICT_PROTOTYPES = YES;
				CLANG_WARN_SUSPICIOUS_MOVE = YES;
				CLANG_WARN_UNGUARDED_AVAILABILITY = YES_AGGRESSIVE;
				CLANG_WARN_UNREACHABLE_CODE = YES;
				CLANG_WARN__DUPLICATE_METHOD_MATCH = YES;
				COPY_PHASE_STRIP = NO;
				DEBUG_INFORMATION_FORMAT = "dwarf-with-dsym";
				ENABLE_NS_ASSERTIONS = NO;
				ENABLE_STRICT_OBJC_MSGSEND = YES;
				GCC_C_LANGUAGE_STANDARD = gnu11;
				GCC_NO_COMMON_BLOCKS = YES;
				GCC_WARN_64_TO_32_BIT_CONVERSION = YES;
				GCC_WARN_ABOUT_RETURN_TYPE = YES_ERROR;
				GCC_WARN_UNDECLARED_SELECTOR = YES;
				GCC_WARN_UNINITIALIZED_AUTOS = YES_AGGRESSIVE;
				GCC_WARN_UNUSED_FUNCTION = YES;
				GCC_WARN_UNUSED_VARIABLE = YES;
				IPHONEOS_DEPLOYMENT_TARGET = 16.2;
				MTL_ENABLE_DEBUG_INFO = NO;
				MTL_FAST_MATH = YES;
				SDKROOT = iphoneos;
				SWIFT_COMPILATION_MODE = wholemodule;
				SWIFT_OPTIMIZATION_LEVEL = "-O";
				VALIDATE_PRODUCT = YES;
			};
			name = Release;
		};
		2694299C29EFBE8C00A4E647 /* Debug */ = {
			isa = XCBuildConfiguration;
			buildSettings = {
				ASSETCATALOG_COMPILER_APPICON_NAME = AppIcon;
				ASSETCATALOG_COMPILER_GLOBAL_ACCENT_COLOR_NAME = AccentColor;
				CODE_SIGN_STYLE = Automatic;
				CURRENT_PROJECT_VERSION = 1;
				DEVELOPMENT_ASSET_PATHS = "\"Rest-Service/Preview Content\"";
				ENABLE_PREVIEWS = YES;
				GENERATE_INFOPLIST_FILE = YES;
				INFOPLIST_KEY_UIApplicationSceneManifest_Generation = YES;
				INFOPLIST_KEY_UIApplicationSupportsIndirectInputEvents = YES;
				INFOPLIST_KEY_UILaunchScreen_Generation = YES;
				INFOPLIST_KEY_UISupportedInterfaceOrientations_iPad = "UIInterfaceOrientationPortrait UIInterfaceOrientationPortraitUpsideDown UIInterfaceOrientationLandscapeLeft UIInterfaceOrientationLandscapeRight";
				INFOPLIST_KEY_UISupportedInterfaceOrientations_iPhone = "UIInterfaceOrientationPortrait UIInterfaceOrientationLandscapeLeft UIInterfaceOrientationLandscapeRight";
				LD_RUNPATH_SEARCH_PATHS = (
					"$(inherited)",
					"@executable_path/Frameworks",
				);
				MARKETING_VERSION = 1.0;
				PRODUCT_BUNDLE_IDENTIFIER = "com.luna.practice.Rest-Service";
				PRODUCT_NAME = "$(TARGET_NAME)";
				SWIFT_EMIT_LOC_STRINGS = YES;
				SWIFT_VERSION = 5.0;
				TARGETED_DEVICE_FAMILY = "1,2";
			};
			name = Debug;
		};
		2694299D29EFBE8C00A4E647 /* Release */ = {
			isa = XCBuildConfiguration;
			buildSettings = {
				ASSETCATALOG_COMPILER_APPICON_NAME = AppIcon;
				ASSETCATALOG_COMPILER_GLOBAL_ACCENT_COLOR_NAME = AccentColor;
				CODE_SIGN_STYLE = Automatic;
				CURRENT_PROJECT_VERSION = 1;
				DEVELOPMENT_ASSET_PATHS = "\"Rest-Service/Preview Content\"";
				ENABLE_PREVIEWS = YES;
				GENERATE_INFOPLIST_FILE = YES;
				INFOPLIST_KEY_UIApplicationSceneManifest_Generation = YES;
				INFOPLIST_KEY_UIApplicationSupportsIndirectInputEvents = YES;
				INFOPLIST_KEY_UILaunchScreen_Generation = YES;
				INFOPLIST_KEY_UISupportedInterfaceOrientations_iPad = "UIInterfaceOrientationPortrait UIInterfaceOrientationPortraitUpsideDown UIInterfaceOrientationLandscapeLeft UIInterfaceOrientationLandscapeRight";
				INFOPLIST_KEY_UISupportedInterfaceOrientations_iPhone = "UIInterfaceOrientationPortrait UIInterfaceOrientationLandscapeLeft UIInterfaceOrientationLandscapeRight";
				LD_RUNPATH_SEARCH_PATHS = (
					"$(inherited)",
					"@executable_path/Frameworks",
				);
				MARKETING_VERSION = 1.0;
				PRODUCT_BUNDLE_IDENTIFIER = "com.luna.practice.Rest-Service";
				PRODUCT_NAME = "$(TARGET_NAME)";
				SWIFT_EMIT_LOC_STRINGS = YES;
				SWIFT_VERSION = 5.0;
				TARGETED_DEVICE_FAMILY = "1,2";
			};
			name = Release;
		};
/* End XCBuildConfiguration section */

/* Begin XCConfigurationList section */
		2694298829EFBE8A00A4E647 /* Build configuration list for PBXProject "Rest-Service" */ = {
			isa = XCConfigurationList;
			buildConfigurations = (
				2694299929EFBE8B00A4E647 /* Debug */,
				2694299A29EFBE8B00A4E647 /* Release */,
			);
			defaultConfigurationIsVisible = 0;
			defaultConfigurationName = Release;
		};
		2694299B29EFBE8C00A4E647 /* Build configuration list for PBXNativeTarget "Rest-Service" */ = {
			isa = XCConfigurationList;
			buildConfigurations = (
				2694299C29EFBE8C00A4E647 /* Debug */,
				2694299D29EFBE8C00A4E647 /* Release */,
			);
			defaultConfigurationIsVisible = 0;
			defaultConfigurationName = Release;
		};
/* End XCConfigurationList section */

/* Begin XCRemoteSwiftPackageReference section */
		2609F26029FCE36300318026 /* XCRemoteSwiftPackageReference "SwiftVCR" */ = {
			isa = XCRemoteSwiftPackageReference;
			repositoryURL = "https://github.com/aarons22/SwiftVCR";
			requirement = {
				kind = upToNextMajorVersion;
				minimumVersion = 0.3.0;
			};
		};
		260AFCE029F897BF00230193 /* XCRemoteSwiftPackageReference "PromiseKit" */ = {
			isa = XCRemoteSwiftPackageReference;
			repositoryURL = "https://github.com/mxcl/PromiseKit.git";
			requirement = {
				kind = upToNextMajorVersion;
				minimumVersion = 6.0.0;
			};
		};
/* End XCRemoteSwiftPackageReference section */

/* Begin XCSwiftPackageProductDependency section */
		2609F26129FCE36300318026 /* SwiftVCR */ = {
			isa = XCSwiftPackageProductDependency;
			package = 2609F26029FCE36300318026 /* XCRemoteSwiftPackageReference "SwiftVCR" */;
			productName = SwiftVCR;
		};
		260AFCE129F897BF00230193 /* PromiseKit */ = {
			isa = XCSwiftPackageProductDependency;
			package = 260AFCE029F897BF00230193 /* XCRemoteSwiftPackageReference "PromiseKit" */;
			productName = PromiseKit;
		};
/* End XCSwiftPackageProductDependency section */
	};
	rootObject = 2694298529EFBE8A00A4E647 /* Project object */;
}
